
Microsoft Visual Studio Solution File, Format Version 12.00
# Visual Studio Version 16
VisualStudioVersion = 16.0.30907.101
MinimumVisualStudioVersion = 10.0.40219.1
Project("{9A19103F-16F7-4668-BE54-9A1E7A4F7556}") = "Classes", "Classes\Classes.csproj", "{C9B39849-542F-44B0-8A45-9BAF3644683B}"
EndProject
Project("{FAE04EC0-301F-11D3-BF4B-00C04F79EFBC}") = "RecapDemo1", "RecapDemo1\RecapDemo1.csproj", "{3850AAF8-18DF-4FD7-871B-36B3D2F5FAFC}"
EndProject
Project("{FAE04EC0-301F-11D3-BF4B-00C04F79EFBC}") = "Interfaces", "Interfaces\Interfaces.csproj", "{CB6BA6A2-9390-4958-AF30-D2DFBA8846D1}"
EndProject
Global
	GlobalSection(SolutionConfigurationPlatforms) = preSolution
		Debug|Any CPU = Debug|Any CPU
		Release|Any CPU = Release|Any CPU
	EndGlobalSection
	GlobalSection(ProjectConfigurationPlatforms) = postSolution
		{C9B39849-542F-44B0-8A45-9BAF3644683B}.Debug|Any CPU.ActiveCfg = Debug|Any CPU
		{C9B39849-542F-44B0-8A45-9BAF3644683B}.Debug|Any CPU.Build.0 = Debug|Any CPU
		{C9B39849-542F-44B0-8A45-9BAF3644683B}.Release|Any CPU.ActiveCfg = Release|Any CPU
		{C9B39849-542F-44B0-8A45-9BAF3644683B}.Release|Any CPU.Build.0 = Release|Any CPU
		{3850AAF8-18DF-4FD7-871B-36B3D2F5FAFC}.Debug|Any CPU.ActiveCfg = Debug|Any CPU
		{3850AAF8-18DF-4FD7-871B-36B3D2F5FAFC}.Debug|Any CPU.Build.0 = Debug|Any CPU
		{3850AAF8-18DF-4FD7-871B-36B3D2F5FAFC}.Release|Any CPU.ActiveCfg = Release|Any CPU
		{3850AAF8-18DF-4FD7-871B-36B3D2F5FAFC}.Release|Any CPU.Build.0 = Release|Any CPU
		{CB6BA6A2-9390-4958-AF30-D2DFBA8846D1}.Debug|Any CPU.ActiveCfg = Debug|Any CPU
		{CB6BA6A2-9390-4958-AF30-D2DFBA8846D1}.Debug|Any CPU.Build.0 = Debug|Any CPU
		{CB6BA6A2-9390-4958-AF30-D2DFBA8846D1}.Release|Any CPU.ActiveCfg = Release|Any CPU
		{CB6BA6A2-9390-4958-AF30-D2DFBA8846D1}.Release|Any CPU.Build.0 = Release|Any CPU
	EndGlobalSection
	GlobalSection(SolutionProperties) = preSolution
		HideSolutionNode = FALSE
	EndGlobalSection
	GlobalSection(ExtensibilityGlobals) = postSolution
		SolutionGuid = {CA39A2D6-AB4E-4947-93B2-F4AE30C26770}
	EndGlobalSection
EndGlobal
